// !$*UTF8*$!
{
	archiveVersion = 1;
	classes = {
	};
	objectVersion = 51;
	objects = {

/* Begin PBXBuildFile section */
		35283B15256849EB002E686A /* Errors.swift in Sources */ = {isa = PBXBuildFile; fileRef = 35283B14256849EA002E686A /* Errors.swift */; };
		3549B5A325264B8C00CA4DFF /* GameController.swift in Sources */ = {isa = PBXBuildFile; fileRef = 3549B5A225264B8C00CA4DFF /* GameController.swift */; };
		3549B65D25310EFB00CA4DFF /* Rating.swift in Sources */ = {isa = PBXBuildFile; fileRef = 3549B65C25310EFB00CA4DFF /* Rating.swift */; };
		3566AF0624770D1A00F53E97 /* BeautySchoolDropout.ttf in Resources */ = {isa = PBXBuildFile; fileRef = 3566AF0524770D1A00F53E97 /* BeautySchoolDropout.ttf */; };
		35847A2A247630AA0097299E /* neon_pixel-7.ttf in Resources */ = {isa = PBXBuildFile; fileRef = 35847A29247630AA0097299E /* neon_pixel-7.ttf */; };
		35847A2C24763AE40097299E /* lunasol regular.ttf in Resources */ = {isa = PBXBuildFile; fileRef = 35847A2B24763AE40097299E /* lunasol regular.ttf */; };
		358CBD19250FF89F00B340DF /* Constants.swift in Sources */ = {isa = PBXBuildFile; fileRef = 358CBD18250FF89F00B340DF /* Constants.swift */; };
		358CBD1B2510073600B340DF /* UserController.swift in Sources */ = {isa = PBXBuildFile; fileRef = 358CBD1A2510073600B340DF /* UserController.swift */; };
		359558D5244A37C1003A20BC /* CreateGameDetailsViewController.swift in Sources */ = {isa = PBXBuildFile; fileRef = 359558D4244A37C1003A20BC /* CreateGameDetailsViewController.swift */; };
		359558D7244A5181003A20BC /* SwipeScreenViewController.swift in Sources */ = {isa = PBXBuildFile; fileRef = 359558D6244A5181003A20BC /* SwipeScreenViewController.swift */; };
		3598876B24F4593800E25EB9 /* GameChoiceViewController.swift in Sources */ = {isa = PBXBuildFile; fileRef = 3598876A24F4593800E25EB9 /* GameChoiceViewController.swift */; };
		3598876D24F45A2D00E25EB9 /* UserListTableViewController.swift in Sources */ = {isa = PBXBuildFile; fileRef = 3598876C24F45A2D00E25EB9 /* UserListTableViewController.swift */; };
		359C401E24476B40007C2AEF /* AppDelegate.swift in Sources */ = {isa = PBXBuildFile; fileRef = 359C401D24476B40007C2AEF /* AppDelegate.swift */; };
		359C402024476B40007C2AEF /* SceneDelegate.swift in Sources */ = {isa = PBXBuildFile; fileRef = 359C401F24476B40007C2AEF /* SceneDelegate.swift */; };
		359C402524476B40007C2AEF /* Main.storyboard in Resources */ = {isa = PBXBuildFile; fileRef = 359C402324476B40007C2AEF /* Main.storyboard */; };
		359C402724476B43007C2AEF /* Assets.xcassets in Resources */ = {isa = PBXBuildFile; fileRef = 359C402624476B43007C2AEF /* Assets.xcassets */; };
		359C402A24476B43007C2AEF /* LaunchScreen.storyboard in Resources */ = {isa = PBXBuildFile; fileRef = 359C402824476B43007C2AEF /* LaunchScreen.storyboard */; };
		359C40322447702E007C2AEF /* Restaurant.swift in Sources */ = {isa = PBXBuildFile; fileRef = 359C40312447702E007C2AEF /* Restaurant.swift */; };
		359C403624477083007C2AEF /* RestaurantController.swift in Sources */ = {isa = PBXBuildFile; fileRef = 359C403524477083007C2AEF /* RestaurantController.swift */; };
		359E26B324A19F640011358A /* StyleGuide.swift in Sources */ = {isa = PBXBuildFile; fileRef = 359E26B224A19F640011358A /* StyleGuide.swift */; };
		359E26BA24A1AEA70011358A /* GoogleService-Info.plist in Resources */ = {isa = PBXBuildFile; fileRef = 359E26B824A1ADDA0011358A /* GoogleService-Info.plist */; };
		35C2EAA7248A8A7400D8CB1C /* UIViewExtension.swift in Sources */ = {isa = PBXBuildFile; fileRef = 35C2EAA6248A8A7400D8CB1C /* UIViewExtension.swift */; };
		35DCF24024AE8E1B00BA3783 /* User.swift in Sources */ = {isa = PBXBuildFile; fileRef = 35DCF23F24AE8E1B00BA3783 /* User.swift */; };
		35DCF26424AFE89A00BA3783 /* Game.swift in Sources */ = {isa = PBXBuildFile; fileRef = 35DCF26324AFE89A00BA3783 /* Game.swift */; };
		35DCF26824AFE8F300BA3783 /* Firebase.swift in Sources */ = {isa = PBXBuildFile; fileRef = 35DCF26724AFE8F300BA3783 /* Firebase.swift */; };
		35DE90B12548C2C100702606 /* ResultsViewController.swift in Sources */ = {isa = PBXBuildFile; fileRef = 35DE90B02548C2C100702606 /* ResultsViewController.swift */; };
		35FD875624FECF78004FEA32 /* SignInViewController.swift in Sources */ = {isa = PBXBuildFile; fileRef = 35FD875524FECF78004FEA32 /* SignInViewController.swift */; };
		EA9AC0DF7585D3C98F944DCA /* Pods_WhosHungry.framework in Frameworks */ = {isa = PBXBuildFile; fileRef = C3FB14C6A35F9776E5C0F253 /* Pods_WhosHungry.framework */; };
/* End PBXBuildFile section */

/* Begin PBXFileReference section */
		35283B14256849EA002E686A /* Errors.swift */ = {isa = PBXFileReference; lastKnownFileType = sourcecode.swift; path = Errors.swift; sourceTree = "<group>"; };
		3549B5A225264B8C00CA4DFF /* GameController.swift */ = {isa = PBXFileReference; lastKnownFileType = sourcecode.swift; path = GameController.swift; sourceTree = "<group>"; };
		3549B65C25310EFB00CA4DFF /* Rating.swift */ = {isa = PBXFileReference; lastKnownFileType = sourcecode.swift; path = Rating.swift; sourceTree = "<group>"; };
		3566AF0524770D1A00F53E97 /* BeautySchoolDropout.ttf */ = {isa = PBXFileReference; lastKnownFileType = file; path = BeautySchoolDropout.ttf; sourceTree = "<group>"; };
		35847A29247630AA0097299E /* neon_pixel-7.ttf */ = {isa = PBXFileReference; lastKnownFileType = file; path = "neon_pixel-7.ttf"; sourceTree = "<group>"; };
		35847A2B24763AE40097299E /* lunasol regular.ttf */ = {isa = PBXFileReference; lastKnownFileType = file; path = "lunasol regular.ttf"; sourceTree = "<group>"; };
		358CBD18250FF89F00B340DF /* Constants.swift */ = {isa = PBXFileReference; lastKnownFileType = sourcecode.swift; path = Constants.swift; sourceTree = "<group>"; };
		358CBD1A2510073600B340DF /* UserController.swift */ = {isa = PBXFileReference; lastKnownFileType = sourcecode.swift; path = UserController.swift; sourceTree = "<group>"; };
		359558D4244A37C1003A20BC /* CreateGameDetailsViewController.swift */ = {isa = PBXFileReference; lastKnownFileType = sourcecode.swift; path = CreateGameDetailsViewController.swift; sourceTree = "<group>"; };
		359558D6244A5181003A20BC /* SwipeScreenViewController.swift */ = {isa = PBXFileReference; lastKnownFileType = sourcecode.swift; path = SwipeScreenViewController.swift; sourceTree = "<group>"; };
		3598876A24F4593800E25EB9 /* GameChoiceViewController.swift */ = {isa = PBXFileReference; lastKnownFileType = sourcecode.swift; path = GameChoiceViewController.swift; sourceTree = "<group>"; };
		3598876C24F45A2D00E25EB9 /* UserListTableViewController.swift */ = {isa = PBXFileReference; lastKnownFileType = sourcecode.swift; path = UserListTableViewController.swift; sourceTree = "<group>"; };
		359C401A24476B40007C2AEF /* WhosHungry.app */ = {isa = PBXFileReference; explicitFileType = wrapper.application; includeInIndex = 0; path = WhosHungry.app; sourceTree = BUILT_PRODUCTS_DIR; };
		359C401D24476B40007C2AEF /* AppDelegate.swift */ = {isa = PBXFileReference; lastKnownFileType = sourcecode.swift; path = AppDelegate.swift; sourceTree = "<group>"; };
		359C401F24476B40007C2AEF /* SceneDelegate.swift */ = {isa = PBXFileReference; lastKnownFileType = sourcecode.swift; path = SceneDelegate.swift; sourceTree = "<group>"; };
		359C402424476B40007C2AEF /* Base */ = {isa = PBXFileReference; lastKnownFileType = file.storyboard; name = Base; path = Base.lproj/Main.storyboard; sourceTree = "<group>"; };
		359C402624476B43007C2AEF /* Assets.xcassets */ = {isa = PBXFileReference; lastKnownFileType = folder.assetcatalog; path = Assets.xcassets; sourceTree = "<group>"; };
		359C402924476B43007C2AEF /* Base */ = {isa = PBXFileReference; lastKnownFileType = file.storyboard; name = Base; path = Base.lproj/LaunchScreen.storyboard; sourceTree = "<group>"; };
		359C402B24476B43007C2AEF /* Info.plist */ = {isa = PBXFileReference; lastKnownFileType = text.plist.xml; path = Info.plist; sourceTree = "<group>"; };
		359C40312447702E007C2AEF /* Restaurant.swift */ = {isa = PBXFileReference; lastKnownFileType = sourcecode.swift; path = Restaurant.swift; sourceTree = "<group>"; };
		359C403524477083007C2AEF /* RestaurantController.swift */ = {isa = PBXFileReference; lastKnownFileType = sourcecode.swift; path = RestaurantController.swift; sourceTree = "<group>"; };
		359E26B224A19F640011358A /* StyleGuide.swift */ = {isa = PBXFileReference; lastKnownFileType = sourcecode.swift; path = StyleGuide.swift; sourceTree = "<group>"; };
		359E26B824A1ADDA0011358A /* GoogleService-Info.plist */ = {isa = PBXFileReference; fileEncoding = 4; lastKnownFileType = text.plist.xml; path = "GoogleService-Info.plist"; sourceTree = "<group>"; };
		35C2EAA6248A8A7400D8CB1C /* UIViewExtension.swift */ = {isa = PBXFileReference; lastKnownFileType = sourcecode.swift; path = UIViewExtension.swift; sourceTree = "<group>"; };
		35DCF23F24AE8E1B00BA3783 /* User.swift */ = {isa = PBXFileReference; lastKnownFileType = sourcecode.swift; path = User.swift; sourceTree = "<group>"; };
		35DCF24124AE907F00BA3783 /* WhosHungry.entitlements */ = {isa = PBXFileReference; lastKnownFileType = text.plist.entitlements; path = WhosHungry.entitlements; sourceTree = "<group>"; };
		35DCF26324AFE89A00BA3783 /* Game.swift */ = {isa = PBXFileReference; lastKnownFileType = sourcecode.swift; path = Game.swift; sourceTree = "<group>"; };
		35DCF26724AFE8F300BA3783 /* Firebase.swift */ = {isa = PBXFileReference; lastKnownFileType = sourcecode.swift; path = Firebase.swift; sourceTree = "<group>"; };
		35DE90B02548C2C100702606 /* ResultsViewController.swift */ = {isa = PBXFileReference; lastKnownFileType = sourcecode.swift; path = ResultsViewController.swift; sourceTree = "<group>"; };
		35FD875524FECF78004FEA32 /* SignInViewController.swift */ = {isa = PBXFileReference; lastKnownFileType = sourcecode.swift; path = SignInViewController.swift; sourceTree = "<group>"; };
		3FF22E6C8F205185AAB87CE9 /* Pods-WhosHungry.release.xcconfig */ = {isa = PBXFileReference; includeInIndex = 1; lastKnownFileType = text.xcconfig; name = "Pods-WhosHungry.release.xcconfig"; path = "Target Support Files/Pods-WhosHungry/Pods-WhosHungry.release.xcconfig"; sourceTree = "<group>"; };
		C3FB14C6A35F9776E5C0F253 /* Pods_WhosHungry.framework */ = {isa = PBXFileReference; explicitFileType = wrapper.framework; includeInIndex = 0; path = Pods_WhosHungry.framework; sourceTree = BUILT_PRODUCTS_DIR; };
		EA936E4F06D45FAEC1716BD0 /* Pods-WhosHungry.debug.xcconfig */ = {isa = PBXFileReference; includeInIndex = 1; lastKnownFileType = text.xcconfig; name = "Pods-WhosHungry.debug.xcconfig"; path = "Target Support Files/Pods-WhosHungry/Pods-WhosHungry.debug.xcconfig"; sourceTree = "<group>"; };
/* End PBXFileReference section */

/* Begin PBXFrameworksBuildPhase section */
		359C401724476B40007C2AEF /* Frameworks */ = {
			isa = PBXFrameworksBuildPhase;
			buildActionMask = 2147483647;
			files = (
				EA9AC0DF7585D3C98F944DCA /* Pods_WhosHungry.framework in Frameworks */,
			);
			runOnlyForDeploymentPostprocessing = 0;
		};
/* End PBXFrameworksBuildPhase section */

/* Begin PBXGroup section */
		35847A282476308E0097299E /* Fonts */ = {
			isa = PBXGroup;
			children = (
				35847A29247630AA0097299E /* neon_pixel-7.ttf */,
				35847A2B24763AE40097299E /* lunasol regular.ttf */,
				3566AF0524770D1A00F53E97 /* BeautySchoolDropout.ttf */,
			);
			path = Fonts;
			sourceTree = "<group>";
		};
		359C401124476B40007C2AEF = {
			isa = PBXGroup;
			children = (
				359C401C24476B40007C2AEF /* WhosHungry */,
				359C401B24476B40007C2AEF /* Products */,
				E817DA392287E118F0BC3DAF /* Pods */,
				E7F229657F17A751324D82C7 /* Frameworks */,
			);
			sourceTree = "<group>";
		};
		359C401B24476B40007C2AEF /* Products */ = {
			isa = PBXGroup;
			children = (
				359C401A24476B40007C2AEF /* WhosHungry.app */,
			);
			name = Products;
			sourceTree = "<group>";
		};
		359C401C24476B40007C2AEF /* WhosHungry */ = {
			isa = PBXGroup;
			children = (
				35DCF24124AE907F00BA3783 /* WhosHungry.entitlements */,
				35847A282476308E0097299E /* Fonts */,
				359C40332447703B007C2AEF /* Model */,
				359C403F2448D867007C2AEF /* Views */,
				359C403C2448D80C007C2AEF /* Controllers */,
				359C403E2448D846007C2AEF /* Helpers */,
				359C403424477046007C2AEF /* Resources */,
			);
			path = WhosHungry;
			sourceTree = "<group>";
		};
		359C40332447703B007C2AEF /* Model */ = {
			isa = PBXGroup;
			children = (
				359C40312447702E007C2AEF /* Restaurant.swift */,
				35DCF23F24AE8E1B00BA3783 /* User.swift */,
				35DCF26324AFE89A00BA3783 /* Game.swift */,
				3549B65C25310EFB00CA4DFF /* Rating.swift */,
			);
			path = Model;
			sourceTree = "<group>";
		};
		359C403424477046007C2AEF /* Resources */ = {
			isa = PBXGroup;
			children = (
				359C401D24476B40007C2AEF /* AppDelegate.swift */,
				359C401F24476B40007C2AEF /* SceneDelegate.swift */,
				359C402624476B43007C2AEF /* Assets.xcassets */,
				359C402824476B43007C2AEF /* LaunchScreen.storyboard */,
				359E26B824A1ADDA0011358A /* GoogleService-Info.plist */,
				359C402B24476B43007C2AEF /* Info.plist */,
			);
			path = Resources;
			sourceTree = "<group>";
		};
		359C403724477087007C2AEF /* ModelController */ = {
			isa = PBXGroup;
			children = (
				359C403524477083007C2AEF /* RestaurantController.swift */,
				35DCF26724AFE8F300BA3783 /* Firebase.swift */,
				358CBD1A2510073600B340DF /* UserController.swift */,
				3549B5A225264B8C00CA4DFF /* GameController.swift */,
			);
			path = ModelController;
			sourceTree = "<group>";
		};
		359C403C2448D80C007C2AEF /* Controllers */ = {
			isa = PBXGroup;
			children = (
				359C403D2448D81E007C2AEF /* ViewController */,
				359C403724477087007C2AEF /* ModelController */,
			);
			path = Controllers;
			sourceTree = "<group>";
		};
		359C403D2448D81E007C2AEF /* ViewController */ = {
			isa = PBXGroup;
			children = (
				35FD875524FECF78004FEA32 /* SignInViewController.swift */,
				3598876A24F4593800E25EB9 /* GameChoiceViewController.swift */,
				359558D4244A37C1003A20BC /* CreateGameDetailsViewController.swift */,
				3598876C24F45A2D00E25EB9 /* UserListTableViewController.swift */,
				359558D6244A5181003A20BC /* SwipeScreenViewController.swift */,
				35DE90B02548C2C100702606 /* ResultsViewController.swift */,
			);
			path = ViewController;
			sourceTree = "<group>";
		};
		359C403E2448D846007C2AEF /* Helpers */ = {
			isa = PBXGroup;
			children = (
				35C2EAA6248A8A7400D8CB1C /* UIViewExtension.swift */,
				359E26B224A19F640011358A /* StyleGuide.swift */,
				358CBD18250FF89F00B340DF /* Constants.swift */,
				35283B14256849EA002E686A /* Errors.swift */,
			);
			path = Helpers;
			sourceTree = "<group>";
		};
		359C403F2448D867007C2AEF /* Views */ = {
			isa = PBXGroup;
			children = (
				359C402324476B40007C2AEF /* Main.storyboard */,
			);
			path = Views;
			sourceTree = "<group>";
		};
		E7F229657F17A751324D82C7 /* Frameworks */ = {
			isa = PBXGroup;
			children = (
				C3FB14C6A35F9776E5C0F253 /* Pods_WhosHungry.framework */,
			);
			name = Frameworks;
			sourceTree = "<group>";
		};
		E817DA392287E118F0BC3DAF /* Pods */ = {
			isa = PBXGroup;
			children = (
				EA936E4F06D45FAEC1716BD0 /* Pods-WhosHungry.debug.xcconfig */,
				3FF22E6C8F205185AAB87CE9 /* Pods-WhosHungry.release.xcconfig */,
			);
			path = Pods;
			sourceTree = "<group>";
		};
/* End PBXGroup section */

/* Begin PBXNativeTarget section */
		359C401924476B40007C2AEF /* WhosHungry */ = {
			isa = PBXNativeTarget;
			buildConfigurationList = 359C402E24476B43007C2AEF /* Build configuration list for PBXNativeTarget "WhosHungry" */;
			buildPhases = (
				233B78AC83966C413F3B68AE /* [CP] Check Pods Manifest.lock */,
				359C401624476B40007C2AEF /* Sources */,
				359C401724476B40007C2AEF /* Frameworks */,
				359C401824476B40007C2AEF /* Resources */,
				FDC53596F7A84C4C605971CC /* [CP] Embed Pods Frameworks */,
			);
			buildRules = (
			);
			dependencies = (
			);
			name = WhosHungry;
			productName = WhosHungry;
			productReference = 359C401A24476B40007C2AEF /* WhosHungry.app */;
			productType = "com.apple.product-type.application";
		};
/* End PBXNativeTarget section */

/* Begin PBXProject section */
		359C401224476B40007C2AEF /* Project object */ = {
			isa = PBXProject;
			attributes = {
				LastSwiftUpdateCheck = 1140;
				LastUpgradeCheck = 1140;
				ORGANIZATIONNAME = "Kelsey Sparkman";
				TargetAttributes = {
					359C401924476B40007C2AEF = {
						CreatedOnToolsVersion = 11.4;
					};
				};
			};
			buildConfigurationList = 359C401524476B40007C2AEF /* Build configuration list for PBXProject "WhosHungry" */;
			compatibilityVersion = "Xcode 9.3";
			developmentRegion = en;
			hasScannedForEncodings = 0;
			knownRegions = (
				en,
				Base,
			);
			mainGroup = 359C401124476B40007C2AEF;
			productRefGroup = 359C401B24476B40007C2AEF /* Products */;
			projectDirPath = "";
			projectRoot = "";
			targets = (
				359C401924476B40007C2AEF /* WhosHungry */,
			);
		};
/* End PBXProject section */

/* Begin PBXResourcesBuildPhase section */
		359C401824476B40007C2AEF /* Resources */ = {
			isa = PBXResourcesBuildPhase;
			buildActionMask = 2147483647;
			files = (
				359C402A24476B43007C2AEF /* LaunchScreen.storyboard in Resources */,
				359C402724476B43007C2AEF /* Assets.xcassets in Resources */,
				35847A2A247630AA0097299E /* neon_pixel-7.ttf in Resources */,
				359C402524476B40007C2AEF /* Main.storyboard in Resources */,
				3566AF0624770D1A00F53E97 /* BeautySchoolDropout.ttf in Resources */,
				35847A2C24763AE40097299E /* lunasol regular.ttf in Resources */,
				359E26BA24A1AEA70011358A /* GoogleService-Info.plist in Resources */,
			);
			runOnlyForDeploymentPostprocessing = 0;
		};
/* End PBXResourcesBuildPhase section */

/* Begin PBXShellScriptBuildPhase section */
		233B78AC83966C413F3B68AE /* [CP] Check Pods Manifest.lock */ = {
			isa = PBXShellScriptBuildPhase;
			buildActionMask = 2147483647;
			files = (
			);
			inputFileListPaths = (
			);
			inputPaths = (
				"${PODS_PODFILE_DIR_PATH}/Podfile.lock",
				"${PODS_ROOT}/Manifest.lock",
			);
			name = "[CP] Check Pods Manifest.lock";
			outputFileListPaths = (
			);
			outputPaths = (
				"$(DERIVED_FILE_DIR)/Pods-WhosHungry-checkManifestLockResult.txt",
			);
			runOnlyForDeploymentPostprocessing = 0;
			shellPath = /bin/sh;
			shellScript = "diff \"${PODS_PODFILE_DIR_PATH}/Podfile.lock\" \"${PODS_ROOT}/Manifest.lock\" > /dev/null\nif [ $? != 0 ] ; then\n    # print error to STDERR\n    echo \"error: The sandbox is not in sync with the Podfile.lock. Run 'pod install' or update your CocoaPods installation.\" >&2\n    exit 1\nfi\n# This output is used by Xcode 'outputs' to avoid re-running this script phase.\necho \"SUCCESS\" > \"${SCRIPT_OUTPUT_FILE_0}\"\n";
			showEnvVarsInLog = 0;
		};
		FDC53596F7A84C4C605971CC /* [CP] Embed Pods Frameworks */ = {
			isa = PBXShellScriptBuildPhase;
			buildActionMask = 2147483647;
			files = (
			);
			inputFileListPaths = (
				"${PODS_ROOT}/Target Support Files/Pods-WhosHungry/Pods-WhosHungry-frameworks-${CONFIGURATION}-input-files.xcfilelist",
			);
			name = "[CP] Embed Pods Frameworks";
			outputFileListPaths = (
				"${PODS_ROOT}/Target Support Files/Pods-WhosHungry/Pods-WhosHungry-frameworks-${CONFIGURATION}-output-files.xcfilelist",
			);
			runOnlyForDeploymentPostprocessing = 0;
			shellPath = /bin/sh;
			shellScript = "\"${PODS_ROOT}/Target Support Files/Pods-WhosHungry/Pods-WhosHungry-frameworks.sh\"\n";
			showEnvVarsInLog = 0;
		};
/* End PBXShellScriptBuildPhase section */

/* Begin PBXSourcesBuildPhase section */
		359C401624476B40007C2AEF /* Sources */ = {
			isa = PBXSourcesBuildPhase;
			buildActionMask = 2147483647;
			files = (
				359C401E24476B40007C2AEF /* AppDelegate.swift in Sources */,
				359C402024476B40007C2AEF /* SceneDelegate.swift in Sources */,
				3598876D24F45A2D00E25EB9 /* UserListTableViewController.swift in Sources */,
				359558D5244A37C1003A20BC /* CreateGameDetailsViewController.swift in Sources */,
				3598876B24F4593800E25EB9 /* GameChoiceViewController.swift in Sources */,
				35DCF24024AE8E1B00BA3783 /* User.swift in Sources */,
				35C2EAA7248A8A7400D8CB1C /* UIViewExtension.swift in Sources */,
				359C403624477083007C2AEF /* RestaurantController.swift in Sources */,
				3549B65D25310EFB00CA4DFF /* Rating.swift in Sources */,
				35DCF26424AFE89A00BA3783 /* Game.swift in Sources */,
				3549B5A325264B8C00CA4DFF /* GameController.swift in Sources */,
				35DCF26824AFE8F300BA3783 /* Firebase.swift in Sources */,
				35FD875624FECF78004FEA32 /* SignInViewController.swift in Sources */,
				35283B15256849EB002E686A /* Errors.swift in Sources */,
				359C40322447702E007C2AEF /* Restaurant.swift in Sources */,
				35DE90B12548C2C100702606 /* ResultsViewController.swift in Sources */,
				358CBD19250FF89F00B340DF /* Constants.swift in Sources */,
				358CBD1B2510073600B340DF /* UserController.swift in Sources */,
				359558D7244A5181003A20BC /* SwipeScreenViewController.swift in Sources */,
				359E26B324A19F640011358A /* StyleGuide.swift in Sources */,
			);
			runOnlyForDeploymentPostprocessing = 0;
		};
/* End PBXSourcesBuildPhase section */

/* Begin PBXVariantGroup section */
		359C402324476B40007C2AEF /* Main.storyboard */ = {
			isa = PBXVariantGroup;
			children = (
				359C402424476B40007C2AEF /* Base */,
			);
			name = Main.storyboard;
			sourceTree = "<group>";
		};
		359C402824476B43007C2AEF /* LaunchScreen.storyboard */ = {
			isa = PBXVariantGroup;
			children = (
				359C402924476B43007C2AEF /* Base */,
			);
			name = LaunchScreen.storyboard;
			sourceTree = "<group>";
		};
/* End PBXVariantGroup section */

/* Begin XCBuildConfiguration section */
		359C402C24476B43007C2AEF /* Debug */ = {
			isa = XCBuildConfiguration;
			buildSettings = {
				ALWAYS_SEARCH_USER_PATHS = NO;
				CLANG_ANALYZER_NONNULL = YES;
				CLANG_ANALYZER_NUMBER_OBJECT_CONVERSION = YES_AGGRESSIVE;
				CLANG_CXX_LANGUAGE_STANDARD = "gnu++14";
				CLANG_CXX_LIBRARY = "libc++";
				CLANG_ENABLE_MODULES = YES;
				CLANG_ENABLE_OBJC_ARC = YES;
				CLANG_ENABLE_OBJC_WEAK = YES;
				CLANG_WARN_BLOCK_CAPTURE_AUTORELEASING = YES;
				CLANG_WARN_BOOL_CONVERSION = YES;
				CLANG_WARN_COMMA = YES;
				CLANG_WARN_CONSTANT_CONVERSION = YES;
				CLANG_WARN_DEPRECATED_OBJC_IMPLEMENTATIONS = YES;
				CLANG_WARN_DIRECT_OBJC_ISA_USAGE = YES_ERROR;
				CLANG_WARN_DOCUMENTATION_COMMENTS = YES;
				CLANG_WARN_EMPTY_BODY = YES;
				CLANG_WARN_ENUM_CONVERSION = YES;
				CLANG_WARN_INFINITE_RECURSION = YES;
				CLANG_WARN_INT_CONVERSION = YES;
				CLANG_WARN_NON_LITERAL_NULL_CONVERSION = YES;
				CLANG_WARN_OBJC_IMPLICIT_RETAIN_SELF = YES;
				CLANG_WARN_OBJC_LITERAL_CONVERSION = YES;
				CLANG_WARN_OBJC_ROOT_CLASS = YES_ERROR;
				CLANG_WARN_RANGE_LOOP_ANALYSIS = YES;
				CLANG_WARN_STRICT_PROTOTYPES = YES;
				CLANG_WARN_SUSPICIOUS_MOVE = YES;
				CLANG_WARN_UNGUARDED_AVAILABILITY = YES_AGGRESSIVE;
				CLANG_WARN_UNREACHABLE_CODE = YES;
				CLANG_WARN__DUPLICATE_METHOD_MATCH = YES;
				COPY_PHASE_STRIP = NO;
				DEBUG_INFORMATION_FORMAT = dwarf;
				ENABLE_STRICT_OBJC_MSGSEND = YES;
				ENABLE_TESTABILITY = YES;
				GCC_C_LANGUAGE_STANDARD = gnu11;
				GCC_DYNAMIC_NO_PIC = NO;
				GCC_NO_COMMON_BLOCKS = YES;
				GCC_OPTIMIZATION_LEVEL = 0;
				GCC_PREPROCESSOR_DEFINITIONS = (
					"DEBUG=1",
					"$(inherited)",
				);
				GCC_WARN_64_TO_32_BIT_CONVERSION = YES;
				GCC_WARN_ABOUT_RETURN_TYPE = YES_ERROR;
				GCC_WARN_UNDECLARED_SELECTOR = YES;
				GCC_WARN_UNINITIALIZED_AUTOS = YES_AGGRESSIVE;
				GCC_WARN_UNUSED_FUNCTION = YES;
				GCC_WARN_UNUSED_VARIABLE = YES;
				IPHONEOS_DEPLOYMENT_TARGET = 13.4;
				MTL_ENABLE_DEBUG_INFO = INCLUDE_SOURCE;
				MTL_FAST_MATH = YES;
				ONLY_ACTIVE_ARCH = YES;
				SDKROOT = iphoneos;
				SWIFT_ACTIVE_COMPILATION_CONDITIONS = DEBUG;
				SWIFT_OPTIMIZATION_LEVEL = "-Onone";
			};
			name = Debug;
		};
		359C402D24476B43007C2AEF /* Release */ = {
			isa = XCBuildConfiguration;
			buildSettings = {
				ALWAYS_SEARCH_USER_PATHS = NO;
				CLANG_ANALYZER_NONNULL = YES;
				CLANG_ANALYZER_NUMBER_OBJECT_CONVERSION = YES_AGGRESSIVE;
				CLANG_CXX_LANGUAGE_STANDARD = "gnu++14";
				CLANG_CXX_LIBRARY = "libc++";
				CLANG_ENABLE_MODULES = YES;
				CLANG_ENABLE_OBJC_ARC = YES;
				CLANG_ENABLE_OBJC_WEAK = YES;
				CLANG_WARN_BLOCK_CAPTURE_AUTORELEASING = YES;
				CLANG_WARN_BOOL_CONVERSION = YES;
				CLANG_WARN_COMMA = YES;
				CLANG_WARN_CONSTANT_CONVERSION = YES;
				CLANG_WARN_DEPRECATED_OBJC_IMPLEMENTATIONS = YES;
				CLANG_WARN_DIRECT_OBJC_ISA_USAGE = YES_ERROR;
				CLANG_WARN_DOCUMENTATION_COMMENTS = YES;
				CLANG_WARN_EMPTY_BODY = YES;
				CLANG_WARN_ENUM_CONVERSION = YES;
				CLANG_WARN_INFINITE_RECURSION = YES;
				CLANG_WARN_INT_CONVERSION = YES;
				CLANG_WARN_NON_LITERAL_NULL_CONVERSION = YES;
				CLANG_WARN_OBJC_IMPLICIT_RETAIN_SELF = YES;
				CLANG_WARN_OBJC_LITERAL_CONVERSION = YES;
				CLANG_WARN_OBJC_ROOT_CLASS = YES_ERROR;
				CLANG_WARN_RANGE_LOOP_ANALYSIS = YES;
				CLANG_WARN_STRICT_PROTOTYPES = YES;
				CLANG_WARN_SUSPICIOUS_MOVE = YES;
				CLANG_WARN_UNGUARDED_AVAILABILITY = YES_AGGRESSIVE;
				CLANG_WARN_UNREACHABLE_CODE = YES;
				CLANG_WARN__DUPLICATE_METHOD_MATCH = YES;
				COPY_PHASE_STRIP = NO;
				DEBUG_INFORMATION_FORMAT = "dwarf-with-dsym";
				ENABLE_NS_ASSERTIONS = NO;
				ENABLE_STRICT_OBJC_MSGSEND = YES;
				GCC_C_LANGUAGE_STANDARD = gnu11;
				GCC_NO_COMMON_BLOCKS = YES;
				GCC_WARN_64_TO_32_BIT_CONVERSION = YES;
				GCC_WARN_ABOUT_RETURN_TYPE = YES_ERROR;
				GCC_WARN_UNDECLARED_SELECTOR = YES;
				GCC_WARN_UNINITIALIZED_AUTOS = YES_AGGRESSIVE;
				GCC_WARN_UNUSED_FUNCTION = YES;
				GCC_WARN_UNUSED_VARIABLE = YES;
				IPHONEOS_DEPLOYMENT_TARGET = 13.4;
				MTL_ENABLE_DEBUG_INFO = NO;
				MTL_FAST_MATH = YES;
				SDKROOT = iphoneos;
				SWIFT_COMPILATION_MODE = wholemodule;
				SWIFT_OPTIMIZATION_LEVEL = "-O";
				VALIDATE_PRODUCT = YES;
			};
			name = Release;
		};
		359C402F24476B43007C2AEF /* Debug */ = {
			isa = XCBuildConfiguration;
			baseConfigurationReference = EA936E4F06D45FAEC1716BD0 /* Pods-WhosHungry.debug.xcconfig */;
			buildSettings = {
				ASSETCATALOG_COMPILER_APPICON_NAME = AppIcon;
				CODE_SIGN_ENTITLEMENTS = WhosHungry/WhosHungry.entitlements;
				CODE_SIGN_STYLE = Automatic;
				CURRENT_PROJECT_VERSION = 3;
				DEVELOPMENT_TEAM = 97JSCUVT38;
				INFOPLIST_FILE = WhosHungry/Resources/Info.plist;
				IPHONEOS_DEPLOYMENT_TARGET = 14.0;
				LD_RUNPATH_SEARCH_PATHS = (
					"$(inherited)",
					"@executable_path/Frameworks",
				);
				PRODUCT_BUNDLE_IDENTIFIER = com.DMA.WhosHungry;
				PRODUCT_NAME = "$(TARGET_NAME)";
				SWIFT_VERSION = 5.0;
				TARGETED_DEVICE_FAMILY = 1;
			};
			name = Debug;
		};
		359C403024476B43007C2AEF /* Release */ = {
			isa = XCBuildConfiguration;
			baseConfigurationReference = 3FF22E6C8F205185AAB87CE9 /* Pods-WhosHungry.release.xcconfig */;
			buildSettings = {
				ASSETCATALOG_COMPILER_APPICON_NAME = AppIcon;
				CODE_SIGN_ENTITLEMENTS = WhosHungry/WhosHungry.entitlements;
				CODE_SIGN_STYLE = Automatic;
				CURRENT_PROJECT_VERSION = 3;
				DEVELOPMENT_TEAM = 97JSCUVT38;
				INFOPLIST_FILE = WhosHungry/Resources/Info.plist;
				IPHONEOS_DEPLOYMENT_TARGET = 14.0;
				LD_RUNPATH_SEARCH_PATHS = (
					"$(inherited)",
					"@executable_path/Frameworks",
				);
				PRODUCT_BUNDLE_IDENTIFIER = com.DMA.WhosHungry;
				PRODUCT_NAME = "$(TARGET_NAME)";
				SWIFT_VERSION = 5.0;
				TARGETED_DEVICE_FAMILY = 1;
			};
			name = Release;
		};
/* End XCBuildConfiguration section */

/* Begin XCConfigurationList section */
		359C401524476B40007C2AEF /* Build configuration list for PBXProject "WhosHungry" */ = {
			isa = XCConfigurationList;
			buildConfigurations = (
				359C402C24476B43007C2AEF /* Debug */,
				359C402D24476B43007C2AEF /* Release */,
			);
			defaultConfigurationIsVisible = 0;
			defaultConfigurationName = Release;
		};
		359C402E24476B43007C2AEF /* Build configuration list for PBXNativeTarget "WhosHungry" */ = {
			isa = XCConfigurationList;
			buildConfigurations = (
				359C402F24476B43007C2AEF /* Debug */,
				359C403024476B43007C2AEF /* Release */,
			);
			defaultConfigurationIsVisible = 0;
			defaultConfigurationName = Release;
		};
/* End XCConfigurationList section */
	};
	rootObject = 359C401224476B40007C2AEF /* Project object */;
}
